
Microsoft Visual Studio Solution File, Format Version 12.00
# Visual Studio Version 16
VisualStudioVersion = 16.0.29609.76
MinimumVisualStudioVersion = 10.0.40219.1
Project("{FAE04EC0-301F-11D3-BF4B-00C04F79EFBC}") = "AjudaSenha", "AjudaSenha\AjudaSenha.csproj", "{CBC59C24-A29D-4EC1-AABB-5D0570F3F367}"
EndProject
Global
	GlobalSection(SolutionConfigurationPlatforms) = preSolution
		Debug|Any CPU = Debug|Any CPU
		Release|Any CPU = Release|Any CPU
	EndGlobalSection
	GlobalSection(ProjectConfigurationPlatforms) = postSolution
		{CBC59C24-A29D-4EC1-AABB-5D0570F3F367}.Debug|Any CPU.ActiveCfg = Debug|Any CPU
		{CBC59C24-A29D-4EC1-AABB-5D0570F3F367}.Debug|Any CPU.Build.0 = Debug|Any CPU
		{CBC59C24-A29D-4EC1-AABB-5D0570F3F367}.Release|Any CPU.ActiveCfg = Release|Any CPU
		{CBC59C24-A29D-4EC1-AABB-5D0570F3F367}.Release|Any CPU.Build.0 = Release|Any CPU
	EndGlobalSection
	GlobalSection(SolutionProperties) = preSolution
		HideSolutionNode = FALSE
	EndGlobalSection
	GlobalSection(ExtensibilityGlobals) = postSolution
		SolutionGuid = {2F8BB288-AA7E-4F7C-87EC-82123B70FC47}
	EndGlobalSection
EndGlobal
